
Microsoft Visual Studio Solution File, Format Version 12.00
# Visual Studio 14
VisualStudioVersion = 14.0.25420.1
MinimumVisualStudioVersion = 10.0.40219.1
Project("{FAE04EC0-301F-11D3-BF4B-00C04F79EFBC}") = "release_mgt", "release_mgt\release_mgt.csproj", "{7D88D59E-A82E-4555-8559-7DAC549F6680}"
EndProject
Project("{FAE04EC0-301F-11D3-BF4B-00C04F79EFBC}") = "release_mgtTests1", "release_mgtTests1\release_mgtTests1.csproj", "{E5BBE329-C59D-4CD1-9B2D-121D0ED6E737}"
EndProject
Global
	GlobalSection(SolutionConfigurationPlatforms) = preSolution
		Debug|Any CPU = Debug|Any CPU
		Release|Any CPU = Release|Any CPU
	EndGlobalSection
	GlobalSection(ProjectConfigurationPlatforms) = postSolution
		{7D88D59E-A82E-4555-8559-7DAC549F6680}.Debug|Any CPU.ActiveCfg = Debug|Any CPU
		{7D88D59E-A82E-4555-8559-7DAC549F6680}.Debug|Any CPU.Build.0 = Debug|Any CPU
		{7D88D59E-A82E-4555-8559-7DAC549F6680}.Release|Any CPU.ActiveCfg = Release|Any CPU
		{7D88D59E-A82E-4555-8559-7DAC549F6680}.Release|Any CPU.Build.0 = Release|Any CPU
		{E5BBE329-C59D-4CD1-9B2D-121D0ED6E737}.Debug|Any CPU.ActiveCfg = Debug|Any CPU
		{E5BBE329-C59D-4CD1-9B2D-121D0ED6E737}.Debug|Any CPU.Build.0 = Debug|Any CPU
		{E5BBE329-C59D-4CD1-9B2D-121D0ED6E737}.Release|Any CPU.ActiveCfg = Release|Any CPU
		{E5BBE329-C59D-4CD1-9B2D-121D0ED6E737}.Release|Any CPU.Build.0 = Release|Any CPU
	EndGlobalSection
	GlobalSection(SolutionProperties) = preSolution
		HideSolutionNode = FALSE
	EndGlobalSection
EndGlobal
